dependencies:
- name: postgresql
  repository: https://charts.jfrog.io/
  version: 10.3.18
- name: rabbitmq
  repository: https://charts.jfrog.io/
  version: 8.11.4
- name: redis
  repository: https://charts.jfrog.io/
  version: 12.10.1
- name: artifactory
  repository: https://charts.jfrog.io/
  version: 107.37.14
- name: xray
  repository: https://charts.jfrog.io/
  version: 103.47.3
- name: distribution
  repository: https://charts.jfrog.io/
  version: 102.12.1
- name: insight
  repository: https://charts.jfrog.io/
  version: 101.9.0
- name: pipelines
  repository: https://charts.jfrog.io/
  version: 101.22.4
digest: sha256:f37c70d9ca227f09ae54ba8b5bee5f9ce9038cd872469522765ab37f7efc6499
generated: "2022-04-21T10:01:21.292753+05:30"
